
Microsoft Visual Studio Solution File, Format Version 12.00
# Visual Studio Version 17
VisualStudioVersion = 17.8.34511.84
MinimumVisualStudioVersion = 10.0.40219.1
Project("{FAE04EC0-301F-11D3-BF4B-00C04F79EFBC}") = "ScrapActualizado", "ScrapActualizado\ScrapActualizado.csproj", "{A1EAA630-C8E7-4684-8C3E-FD91566909FE}"
EndProject
Global
	GlobalSection(SolutionConfigurationPlatforms) = preSolution
		Debug|Any CPU = Debug|Any CPU
		Release|Any CPU = Release|Any CPU
	EndGlobalSection
	GlobalSection(ProjectConfigurationPlatforms) = postSolution
		{A1EAA630-C8E7-4684-8C3E-FD91566909FE}.Debug|Any CPU.ActiveCfg = Debug|Any CPU
		{A1EAA630-C8E7-4684-8C3E-FD91566909FE}.Debug|Any CPU.Build.0 = Debug|Any CPU
		{A1EAA630-C8E7-4684-8C3E-FD91566909FE}.Release|Any CPU.ActiveCfg = Release|Any CPU
		{A1EAA630-C8E7-4684-8C3E-FD91566909FE}.Release|Any CPU.Build.0 = Release|Any CPU
	EndGlobalSection
	GlobalSection(SolutionProperties) = preSolution
		HideSolutionNode = FALSE
	EndGlobalSection
	GlobalSection(ExtensibilityGlobals) = postSolution
		SolutionGuid = {71DC1BC6-9372-49EB-9E65-2B4C6084B9AA}
	EndGlobalSection
EndGlobal
