
Microsoft Visual Studio Solution File, Format Version 12.00
# Visual Studio Version 17
VisualStudioVersion = 17.8.34511.84
MinimumVisualStudioVersion = 10.0.40219.1
Project("{FAE04EC0-301F-11D3-BF4B-00C04F79EFBC}") = "eventoprueba", "eventoprueba\eventoprueba.csproj", "{A3786260-D24A-4E32-9CA5-201241E83928}"
EndProject
Project("{FAE04EC0-301F-11D3-BF4B-00C04F79EFBC}") = "eventopruebaTests", "eventopruebaTests\eventopruebaTests.csproj", "{1B01946D-FA08-4333-B0AA-C38C61F1609C}"
EndProject
Global
	GlobalSection(SolutionConfigurationPlatforms) = preSolution
		Debug|Any CPU = Debug|Any CPU
		Release|Any CPU = Release|Any CPU
	EndGlobalSection
	GlobalSection(ProjectConfigurationPlatforms) = postSolution
		{A3786260-D24A-4E32-9CA5-201241E83928}.Debug|Any CPU.ActiveCfg = Debug|Any CPU
		{A3786260-D24A-4E32-9CA5-201241E83928}.Debug|Any CPU.Build.0 = Debug|Any CPU
		{A3786260-D24A-4E32-9CA5-201241E83928}.Release|Any CPU.ActiveCfg = Release|Any CPU
		{A3786260-D24A-4E32-9CA5-201241E83928}.Release|Any CPU.Build.0 = Release|Any CPU
		{1B01946D-FA08-4333-B0AA-C38C61F1609C}.Debug|Any CPU.ActiveCfg = Debug|Any CPU
		{1B01946D-FA08-4333-B0AA-C38C61F1609C}.Debug|Any CPU.Build.0 = Debug|Any CPU
		{1B01946D-FA08-4333-B0AA-C38C61F1609C}.Release|Any CPU.ActiveCfg = Release|Any CPU
		{1B01946D-FA08-4333-B0AA-C38C61F1609C}.Release|Any CPU.Build.0 = Release|Any CPU
	EndGlobalSection
	GlobalSection(SolutionProperties) = preSolution
		HideSolutionNode = FALSE
	EndGlobalSection
	GlobalSection(ExtensibilityGlobals) = postSolution
		SolutionGuid = {775C8FF1-1285-45B8-A680-8C6EC3B356D2}
	EndGlobalSection
EndGlobal
